// !$*UTF8*$!
{
	archiveVersion = 1;
	classes = {
	};
	objectVersion = 55;
	objects = {

/* Begin PBXBuildFile section */
		901F839B28A121AF006FDC4F /* PeepApp.swift in Sources */ = {isa = PBXBuildFile; fileRef = 901F839A28A121AF006FDC4F /* PeepApp.swift */; };
		901F839F28A121B2006FDC4F /* Assets.xcassets in Resources */ = {isa = PBXBuildFile; fileRef = 901F839E28A121B2006FDC4F /* Assets.xcassets */; };
		901F83A228A121B2006FDC4F /* Preview Assets.xcassets in Resources */ = {isa = PBXBuildFile; fileRef = 901F83A128A121B2006FDC4F /* Preview Assets.xcassets */; };
		901F83AA28A12372006FDC4F /* LaunchView.swift in Sources */ = {isa = PBXBuildFile; fileRef = 901F83A928A12372006FDC4F /* LaunchView.swift */; };
		901F83AD28A1239B006FDC4F /* ContentModel.swift in Sources */ = {isa = PBXBuildFile; fileRef = 901F83AC28A1239B006FDC4F /* ContentModel.swift */; };
		901F83AF28A123C6006FDC4F /* HomeView.swift in Sources */ = {isa = PBXBuildFile; fileRef = 901F83AE28A123C6006FDC4F /* HomeView.swift */; };
		901F83B328A1659C006FDC4F /* OnboardingView.swift in Sources */ = {isa = PBXBuildFile; fileRef = 901F83B228A1659C006FDC4F /* OnboardingView.swift */; };
		901F83B528A165A6006FDC4F /* DeniedView.swift in Sources */ = {isa = PBXBuildFile; fileRef = 901F83B428A165A6006FDC4F /* DeniedView.swift */; };
		9050070A28BCE70800E64E92 /* DirectionsView.swift in Sources */ = {isa = PBXBuildFile; fileRef = 9050070928BCE70800E64E92 /* DirectionsView.swift */; };
		90A625CA28A556F7009D9D8A /* SomethingWentWrong.swift in Sources */ = {isa = PBXBuildFile; fileRef = 90A625C928A556F7009D9D8A /* SomethingWentWrong.swift */; };
		90A625CC28A7A187009D9D8A /* FetchData.swift in Sources */ = {isa = PBXBuildFile; fileRef = 90A625CB28A7A187009D9D8A /* FetchData.swift */; };
		90A625CE28A7A1D1009D9D8A /* DataModel.swift in Sources */ = {isa = PBXBuildFile; fileRef = 90A625CD28A7A1D1009D9D8A /* DataModel.swift */; };
		90A625D028A82857009D9D8A /* LaunchScreen.storyboard in Resources */ = {isa = PBXBuildFile; fileRef = 90A625CF28A82857009D9D8A /* LaunchScreen.storyboard */; };
		90B36AA628A17A55001C738C /* Map.swift in Sources */ = {isa = PBXBuildFile; fileRef = 90B36AA528A17A55001C738C /* Map.swift */; };
		90B36AA828A264AA001C738C /* SettingsView.swift in Sources */ = {isa = PBXBuildFile; fileRef = 90B36AA728A264AA001C738C /* SettingsView.swift */; };
		90B36AAA28A28746001C738C /* PlaceDetail.swift in Sources */ = {isa = PBXBuildFile; fileRef = 90B36AA928A28746001C738C /* PlaceDetail.swift */; };
/* End PBXBuildFile section */

/* Begin PBXFileReference section */
		901F839728A121AF006FDC4F /* Peep.app */ = {isa = PBXFileReference; explicitFileType = wrapper.application; includeInIndex = 0; path = Peep.app; sourceTree = BUILT_PRODUCTS_DIR; };
		901F839A28A121AF006FDC4F /* PeepApp.swift */ = {isa = PBXFileReference; lastKnownFileType = sourcecode.swift; path = PeepApp.swift; sourceTree = "<group>"; };
		901F839E28A121B2006FDC4F /* Assets.xcassets */ = {isa = PBXFileReference; lastKnownFileType = folder.assetcatalog; path = Assets.xcassets; sourceTree = "<group>"; };
		901F83A128A121B2006FDC4F /* Preview Assets.xcassets */ = {isa = PBXFileReference; lastKnownFileType = folder.assetcatalog; path = "Preview Assets.xcassets"; sourceTree = "<group>"; };
		901F83A928A12372006FDC4F /* LaunchView.swift */ = {isa = PBXFileReference; lastKnownFileType = sourcecode.swift; path = LaunchView.swift; sourceTree = "<group>"; };
		901F83AC28A1239B006FDC4F /* ContentModel.swift */ = {isa = PBXFileReference; lastKnownFileType = sourcecode.swift; path = ContentModel.swift; sourceTree = "<group>"; };
		901F83AE28A123C6006FDC4F /* HomeView.swift */ = {isa = PBXFileReference; lastKnownFileType = sourcecode.swift; path = HomeView.swift; sourceTree = "<group>"; };
		901F83B228A1659C006FDC4F /* OnboardingView.swift */ = {isa = PBXFileReference; lastKnownFileType = sourcecode.swift; path = OnboardingView.swift; sourceTree = "<group>"; };
		901F83B428A165A6006FDC4F /* DeniedView.swift */ = {isa = PBXFileReference; lastKnownFileType = sourcecode.swift; path = DeniedView.swift; sourceTree = "<group>"; };
		9050070928BCE70800E64E92 /* DirectionsView.swift */ = {isa = PBXFileReference; lastKnownFileType = sourcecode.swift; path = DirectionsView.swift; sourceTree = "<group>"; };
		90A625C928A556F7009D9D8A /* SomethingWentWrong.swift */ = {isa = PBXFileReference; lastKnownFileType = sourcecode.swift; path = SomethingWentWrong.swift; sourceTree = "<group>"; };
		90A625CB28A7A187009D9D8A /* FetchData.swift */ = {isa = PBXFileReference; lastKnownFileType = sourcecode.swift; path = FetchData.swift; sourceTree = "<group>"; };
		90A625CD28A7A1D1009D9D8A /* DataModel.swift */ = {isa = PBXFileReference; lastKnownFileType = sourcecode.swift; path = DataModel.swift; sourceTree = "<group>"; };
		90A625CF28A82857009D9D8A /* LaunchScreen.storyboard */ = {isa = PBXFileReference; lastKnownFileType = file.storyboard; path = LaunchScreen.storyboard; sourceTree = "<group>"; };
		90B36AA528A17A55001C738C /* Map.swift */ = {isa = PBXFileReference; lastKnownFileType = sourcecode.swift; path = Map.swift; sourceTree = "<group>"; };
		90B36AA728A264AA001C738C /* SettingsView.swift */ = {isa = PBXFileReference; lastKnownFileType = sourcecode.swift; path = SettingsView.swift; sourceTree = "<group>"; };
		90B36AA928A28746001C738C /* PlaceDetail.swift */ = {isa = PBXFileReference; lastKnownFileType = sourcecode.swift; path = PlaceDetail.swift; sourceTree = "<group>"; };
/* End PBXFileReference section */

/* Begin PBXFrameworksBuildPhase section */
		901F839428A121AF006FDC4F /* Frameworks */ = {
			isa = PBXFrameworksBuildPhase;
			buildActionMask = 2147483647;
			files = (
			);
			runOnlyForDeploymentPostprocessing = 0;
		};
/* End PBXFrameworksBuildPhase section */

/* Begin PBXGroup section */
		901F838E28A121AF006FDC4F = {
			isa = PBXGroup;
			children = (
				901F839928A121AF006FDC4F /* Peep */,
				901F839828A121AF006FDC4F /* Products */,
			);
			sourceTree = "<group>";
		};
		901F839828A121AF006FDC4F /* Products */ = {
			isa = PBXGroup;
			children = (
				901F839728A121AF006FDC4F /* Peep.app */,
			);
			name = Products;
			sourceTree = "<group>";
		};
		901F839928A121AF006FDC4F /* Peep */ = {
			isa = PBXGroup;
			children = (
				901F839A28A121AF006FDC4F /* PeepApp.swift */,
				90A625CF28A82857009D9D8A /* LaunchScreen.storyboard */,
				90A625C828A556D2009D9D8A /* Helpers */,
				901F83A828A1235F006FDC4F /* Views */,
				901F83AB28A12380006FDC4F /* ViewModels */,
				90B36AAB28A2A8A8001C738C /* Models */,
				901F839E28A121B2006FDC4F /* Assets.xcassets */,
				901F83A028A121B2006FDC4F /* Preview Content */,
			);
			path = Peep;
			sourceTree = "<group>";
		};
		901F83A028A121B2006FDC4F /* Preview Content */ = {
			isa = PBXGroup;
			children = (
				901F83A128A121B2006FDC4F /* Preview Assets.xcassets */,
			);
			path = "Preview Content";
			sourceTree = "<group>";
		};
		901F83A828A1235F006FDC4F /* Views */ = {
			isa = PBXGroup;
			children = (
				901F83A928A12372006FDC4F /* LaunchView.swift */,
				901F83B128A16377006FDC4F /* Onboarding */,
				901F83B028A16351006FDC4F /* Home */,
			);
			path = Views;
			sourceTree = "<group>";
		};
		901F83AB28A12380006FDC4F /* ViewModels */ = {
			isa = PBXGroup;
			children = (
				901F83AC28A1239B006FDC4F /* ContentModel.swift */,
			);
			path = ViewModels;
			sourceTree = "<group>";
		};
		901F83B028A16351006FDC4F /* Home */ = {
			isa = PBXGroup;
			children = (
				901F83AE28A123C6006FDC4F /* HomeView.swift */,
				90B36AA928A28746001C738C /* PlaceDetail.swift */,
				90B36AA528A17A55001C738C /* Map.swift */,
				90B36AA728A264AA001C738C /* SettingsView.swift */,
				9050070928BCE70800E64E92 /* DirectionsView.swift */,
			);
			path = Home;
			sourceTree = "<group>";
		};
		901F83B128A16377006FDC4F /* Onboarding */ = {
			isa = PBXGroup;
			children = (
				901F83B228A1659C006FDC4F /* OnboardingView.swift */,
				901F83B428A165A6006FDC4F /* DeniedView.swift */,
			);
			path = Onboarding;
			sourceTree = "<group>";
		};
		90A625C828A556D2009D9D8A /* Helpers */ = {
			isa = PBXGroup;
			children = (
				90A625C928A556F7009D9D8A /* SomethingWentWrong.swift */,
			);
			path = Helpers;
			sourceTree = "<group>";
		};
		90B36AAB28A2A8A8001C738C /* Models */ = {
			isa = PBXGroup;
			children = (
				90A625CB28A7A187009D9D8A /* FetchData.swift */,
				90A625CD28A7A1D1009D9D8A /* DataModel.swift */,
			);
			path = Models;
			sourceTree = "<group>";
		};
/* End PBXGroup section */

/* Begin PBXNativeTarget section */
		901F839628A121AF006FDC4F /* Peep */ = {
			isa = PBXNativeTarget;
			buildConfigurationList = 901F83A528A121B2006FDC4F /* Build configuration list for PBXNativeTarget "Peep" */;
			buildPhases = (
				901F839328A121AF006FDC4F /* Sources */,
				901F839428A121AF006FDC4F /* Frameworks */,
				901F839528A121AF006FDC4F /* Resources */,
			);
			buildRules = (
			);
			dependencies = (
			);
			name = Peep;
			productName = Peep;
			productReference = 901F839728A121AF006FDC4F /* Peep.app */;
			productType = "com.apple.product-type.application";
		};
/* End PBXNativeTarget section */

/* Begin PBXProject section */
		901F838F28A121AF006FDC4F /* Project object */ = {
			isa = PBXProject;
			attributes = {
				BuildIndependentTargetsInParallel = 1;
				LastSwiftUpdateCheck = 1330;
				LastUpgradeCheck = 1330;
				TargetAttributes = {
					901F839628A121AF006FDC4F = {
						CreatedOnToolsVersion = 13.3;
					};
				};
			};
			buildConfigurationList = 901F839228A121AF006FDC4F /* Build configuration list for PBXProject "Peep" */;
			compatibilityVersion = "Xcode 13.0";
			developmentRegion = en;
			hasScannedForEncodings = 0;
			knownRegions = (
				en,
				Base,
			);
			mainGroup = 901F838E28A121AF006FDC4F;
			productRefGroup = 901F839828A121AF006FDC4F /* Products */;
			projectDirPath = "";
			projectRoot = "";
			targets = (
				901F839628A121AF006FDC4F /* Peep */,
			);
		};
/* End PBXProject section */

/* Begin PBXResourcesBuildPhase section */
		901F839528A121AF006FDC4F /* Resources */ = {
			isa = PBXResourcesBuildPhase;
			buildActionMask = 2147483647;
			files = (
				90A625D028A82857009D9D8A /* LaunchScreen.storyboard in Resources */,
				901F83A228A121B2006FDC4F /* Preview Assets.xcassets in Resources */,
				901F839F28A121B2006FDC4F /* Assets.xcassets in Resources */,
			);
			runOnlyForDeploymentPostprocessing = 0;
		};
/* End PBXResourcesBuildPhase section */

/* Begin PBXSourcesBuildPhase section */
		901F839328A121AF006FDC4F /* Sources */ = {
			isa = PBXSourcesBuildPhase;
			buildActionMask = 2147483647;
			files = (
				90B36AA628A17A55001C738C /* Map.swift in Sources */,
				90B36AA828A264AA001C738C /* SettingsView.swift in Sources */,
				9050070A28BCE70800E64E92 /* DirectionsView.swift in Sources */,
				90A625CA28A556F7009D9D8A /* SomethingWentWrong.swift in Sources */,
				901F839B28A121AF006FDC4F /* PeepApp.swift in Sources */,
				90B36AAA28A28746001C738C /* PlaceDetail.swift in Sources */,
				901F83AF28A123C6006FDC4F /* HomeView.swift in Sources */,
				90A625CE28A7A1D1009D9D8A /* DataModel.swift in Sources */,
				901F83AA28A12372006FDC4F /* LaunchView.swift in Sources */,
				901F83B528A165A6006FDC4F /* DeniedView.swift in Sources */,
				901F83B328A1659C006FDC4F /* OnboardingView.swift in Sources */,
				901F83AD28A1239B006FDC4F /* ContentModel.swift in Sources */,
				90A625CC28A7A187009D9D8A /* FetchData.swift in Sources */,
			);
			runOnlyForDeploymentPostprocessing = 0;
		};
/* End PBXSourcesBuildPhase section */

/* Begin XCBuildConfiguration section */
		901F83A328A121B2006FDC4F /* Debug */ = {
			isa = XCBuildConfiguration;
			buildSettings = {
				ALWAYS_SEARCH_USER_PATHS = NO;
				CLANG_ANALYZER_NONNULL = YES;
				CLANG_ANALYZER_NUMBER_OBJECT_CONVERSION = YES_AGGRESSIVE;
				CLANG_CXX_LANGUAGE_STANDARD = "gnu++17";
				CLANG_ENABLE_MODULES = YES;
				CLANG_ENABLE_OBJC_ARC = YES;
				CLANG_ENABLE_OBJC_WEAK = YES;
				CLANG_WARN_BLOCK_CAPTURE_AUTORELEASING = YES;
				CLANG_WARN_BOOL_CONVERSION = YES;
				CLANG_WARN_COMMA = YES;
				CLANG_WARN_CONSTANT_CONVERSION = YES;
				CLANG_WARN_DEPRECATED_OBJC_IMPLEMENTATIONS = YES;
				CLANG_WARN_DIRECT_OBJC_ISA_USAGE = YES_ERROR;
				CLANG_WARN_DOCUMENTATION_COMMENTS = YES;
				CLANG_WARN_EMPTY_BODY = YES;
				CLANG_WARN_ENUM_CONVERSION = YES;
				CLANG_WARN_INFINITE_RECURSION = YES;
				CLANG_WARN_INT_CONVERSION = YES;
				CLANG_WARN_NON_LITERAL_NULL_CONVERSION = YES;
				CLANG_WARN_OBJC_IMPLICIT_RETAIN_SELF = YES;
				CLANG_WARN_OBJC_LITERAL_CONVERSION = YES;
				CLANG_WARN_OBJC_ROOT_CLASS = YES_ERROR;
				CLANG_WARN_QUOTED_INCLUDE_IN_FRAMEWORK_HEADER = YES;
				CLANG_WARN_RANGE_LOOP_ANALYSIS = YES;
				CLANG_WARN_STRICT_PROTOTYPES = YES;
				CLANG_WARN_SUSPICIOUS_MOVE = YES;
				CLANG_WARN_UNGUARDED_AVAILABILITY = YES_AGGRESSIVE;
				CLANG_WARN_UNREACHABLE_CODE = YES;
				CLANG_WARN__DUPLICATE_METHOD_MATCH = YES;
				COPY_PHASE_STRIP = NO;
				DEBUG_INFORMATION_FORMAT = dwarf;
				ENABLE_STRICT_OBJC_MSGSEND = YES;
				ENABLE_TESTABILITY = YES;
				GCC_C_LANGUAGE_STANDARD = gnu11;
				GCC_DYNAMIC_NO_PIC = NO;
				GCC_NO_COMMON_BLOCKS = YES;
				GCC_OPTIMIZATION_LEVEL = 0;
				GCC_PREPROCESSOR_DEFINITIONS = (
					"DEBUG=1",
					"$(inherited)",
				);
				GCC_WARN_64_TO_32_BIT_CONVERSION = YES;
				GCC_WARN_ABOUT_RETURN_TYPE = YES_ERROR;
				GCC_WARN_UNDECLARED_SELECTOR = YES;
				GCC_WARN_UNINITIALIZED_AUTOS = YES_AGGRESSIVE;
				GCC_WARN_UNUSED_FUNCTION = YES;
				GCC_WARN_UNUSED_VARIABLE = YES;
				IPHONEOS_DEPLOYMENT_TARGET = 15.4;
				MTL_ENABLE_DEBUG_INFO = INCLUDE_SOURCE;
				MTL_FAST_MATH = YES;
				ONLY_ACTIVE_ARCH = YES;
				SDKROOT = iphoneos;
				SWIFT_ACTIVE_COMPILATION_CONDITIONS = DEBUG;
				SWIFT_OPTIMIZATION_LEVEL = "-Onone";
			};
			name = Debug;
		};
		901F83A428A121B2006FDC4F /* Release */ = {
			isa = XCBuildConfiguration;
			buildSettings = {
				ALWAYS_SEARCH_USER_PATHS = NO;
				CLANG_ANALYZER_NONNULL = YES;
				CLANG_ANALYZER_NUMBER_OBJECT_CONVERSION = YES_AGGRESSIVE;
				CLANG_CXX_LANGUAGE_STANDARD = "gnu++17";
				CLANG_ENABLE_MODULES = YES;
				CLANG_ENABLE_OBJC_ARC = YES;
				CLANG_ENABLE_OBJC_WEAK = YES;
				CLANG_WARN_BLOCK_CAPTURE_AUTORELEASING = YES;
				CLANG_WARN_BOOL_CONVERSION = YES;
				CLANG_WARN_COMMA = YES;
				CLANG_WARN_CONSTANT_CONVERSION = YES;
				CLANG_WARN_DEPRECATED_OBJC_IMPLEMENTATIONS = YES;
				CLANG_WARN_DIRECT_OBJC_ISA_USAGE = YES_ERROR;
				CLANG_WARN_DOCUMENTATION_COMMENTS = YES;
				CLANG_WARN_EMPTY_BODY = YES;
				CLANG_WARN_ENUM_CONVERSION = YES;
				CLANG_WARN_INFINITE_RECURSION = YES;
				CLANG_WARN_INT_CONVERSION = YES;
				CLANG_WARN_NON_LITERAL_NULL_CONVERSION = YES;
				CLANG_WARN_OBJC_IMPLICIT_RETAIN_SELF = YES;
				CLANG_WARN_OBJC_LITERAL_CONVERSION = YES;
				CLANG_WARN_OBJC_ROOT_CLASS = YES_ERROR;
				CLANG_WARN_QUOTED_INCLUDE_IN_FRAMEWORK_HEADER = YES;
				CLANG_WARN_RANGE_LOOP_ANALYSIS = YES;
				CLANG_WARN_STRICT_PROTOTYPES = YES;
				CLANG_WARN_SUSPICIOUS_MOVE = YES;
				CLANG_WARN_UNGUARDED_AVAILABILITY = YES_AGGRESSIVE;
				CLANG_WARN_UNREACHABLE_CODE = YES;
				CLANG_WARN__DUPLICATE_METHOD_MATCH = YES;
				COPY_PHASE_STRIP = NO;
				DEBUG_INFORMATION_FORMAT = "dwarf-with-dsym";
				ENABLE_NS_ASSERTIONS = NO;
				ENABLE_STRICT_OBJC_MSGSEND = YES;
				GCC_C_LANGUAGE_STANDARD = gnu11;
				GCC_NO_COMMON_BLOCKS = YES;
				GCC_WARN_64_TO_32_BIT_CONVERSION = YES;
				GCC_WARN_ABOUT_RETURN_TYPE = YES_ERROR;
				GCC_WARN_UNDECLARED_SELECTOR = YES;
				GCC_WARN_UNINITIALIZED_AUTOS = YES_AGGRESSIVE;
				GCC_WARN_UNUSED_FUNCTION = YES;
				GCC_WARN_UNUSED_VARIABLE = YES;
				IPHONEOS_DEPLOYMENT_TARGET = 15.4;
				MTL_ENABLE_DEBUG_INFO = NO;
				MTL_FAST_MATH = YES;
				SDKROOT = iphoneos;
				SWIFT_COMPILATION_MODE = wholemodule;
				SWIFT_OPTIMIZATION_LEVEL = "-O";
				VALIDATE_PRODUCT = YES;
			};
			name = Release;
		};
		901F83A628A121B2006FDC4F /* Debug */ = {
			isa = XCBuildConfiguration;
			buildSettings = {
				ASSETCATALOG_COMPILER_APPICON_NAME = AppIcon;
				ASSETCATALOG_COMPILER_GLOBAL_ACCENT_COLOR_NAME = AccentColor;
				CODE_SIGN_STYLE = Automatic;
				CURRENT_PROJECT_VERSION = 1;
				DEVELOPMENT_ASSET_PATHS = "\"Peep/Preview Content\"";
				DEVELOPMENT_TEAM = H4NW3RCM58;
				ENABLE_PREVIEWS = YES;
				GENERATE_INFOPLIST_FILE = YES;
				INFOPLIST_KEY_NSLocationWhenInUseUsageDescription = "Peep needs to know your location to deliver accurate data";
				INFOPLIST_KEY_UIApplicationSceneManifest_Generation = YES;
				INFOPLIST_KEY_UIApplicationSupportsIndirectInputEvents = YES;
				INFOPLIST_KEY_UILaunchScreen_Generation = YES;
				INFOPLIST_KEY_UILaunchStoryboardName = LaunchScreen;
				INFOPLIST_KEY_UISupportedInterfaceOrientations = UIInterfaceOrientationPortrait;
				INFOPLIST_KEY_UISupportedInterfaceOrientations_iPad = UIInterfaceOrientationPortrait;
				INFOPLIST_KEY_UISupportedInterfaceOrientations_iPhone = UIInterfaceOrientationPortrait;
				IPHONEOS_DEPLOYMENT_TARGET = 15.3;
				LD_RUNPATH_SEARCH_PATHS = (
					"$(inherited)",
					"@executable_path/Frameworks",
				);
				MARKETING_VERSION = 1.0;
				PRODUCT_BUNDLE_IDENTIFIER = io.Peep;
				PRODUCT_NAME = "$(TARGET_NAME)";
				SWIFT_EMIT_LOC_STRINGS = YES;
				SWIFT_VERSION = 5.0;
				TARGETED_DEVICE_FAMILY = 1;
			};
			name = Debug;
		};
		901F83A728A121B2006FDC4F /* Release */ = {
			isa = XCBuildConfiguration;
			buildSettings = {
				ASSETCATALOG_COMPILER_APPICON_NAME = AppIcon;
				ASSETCATALOG_COMPILER_GLOBAL_ACCENT_COLOR_NAME = AccentColor;
				CODE_SIGN_STYLE = Automatic;
				CURRENT_PROJECT_VERSION = 1;
				DEVELOPMENT_ASSET_PATHS = "\"Peep/Preview Content\"";
				DEVELOPMENT_TEAM = H4NW3RCM58;
				ENABLE_PREVIEWS = YES;
				GENERATE_INFOPLIST_FILE = YES;
				INFOPLIST_KEY_NSLocationWhenInUseUsageDescription = "Peep needs to know your location to deliver accurate data";
				INFOPLIST_KEY_UIApplicationSceneManifest_Generation = YES;
				INFOPLIST_KEY_UIApplicationSupportsIndirectInputEvents = YES;
				INFOPLIST_KEY_UILaunchScreen_Generation = YES;
				INFOPLIST_KEY_UILaunchStoryboardName = LaunchScreen;
				INFOPLIST_KEY_UISupportedInterfaceOrientations = UIInterfaceOrientationPortrait;
				INFOPLIST_KEY_UISupportedInterfaceOrientations_iPad = UIInterfaceOrientationPortrait;
				INFOPLIST_KEY_UISupportedInterfaceOrientations_iPhone = UIInterfaceOrientationPortrait;
				IPHONEOS_DEPLOYMENT_TARGET = 15.3;
				LD_RUNPATH_SEARCH_PATHS = (
					"$(inherited)",
					"@executable_path/Frameworks",
				);
				MARKETING_VERSION = 1.0;
				PRODUCT_BUNDLE_IDENTIFIER = io.Peep;
				PRODUCT_NAME = "$(TARGET_NAME)";
				SWIFT_EMIT_LOC_STRINGS = YES;
				SWIFT_VERSION = 5.0;
				TARGETED_DEVICE_FAMILY = 1;
			};
			name = Release;
		};
/* End XCBuildConfiguration section */

/* Begin XCConfigurationList section */
		901F839228A121AF006FDC4F /* Build configuration list for PBXProject "Peep" */ = {
			isa = XCConfigurationList;
			buildConfigurations = (
				901F83A328A121B2006FDC4F /* Debug */,
				901F83A428A121B2006FDC4F /* Release */,
			);
			defaultConfigurationIsVisible = 0;
			defaultConfigurationName = Release;
		};
		901F83A528A121B2006FDC4F /* Build configuration list for PBXNativeTarget "Peep" */ = {
			isa = XCConfigurationList;
			buildConfigurations = (
				901F83A628A121B2006FDC4F /* Debug */,
				901F83A728A121B2006FDC4F /* Release */,
			);
			defaultConfigurationIsVisible = 0;
			defaultConfigurationName = Release;
		};
/* End XCConfigurationList section */
	};
	rootObject = 901F838F28A121AF006FDC4F /* Project object */;
}
